// !$*UTF8*$!
{
	archiveVersion = 1;
	classes = {
	};
	objectVersion = 56;
	objects = {

/* Begin PBXBuildFile section */
		21B3A73F2B4DAE4900B7B1BB /* Premier_League_AppApp.swift in Sources */ = {isa = PBXBuildFile; fileRef = 21B3A73E2B4DAE4900B7B1BB /* Premier_League_AppApp.swift */; };
		21B3A7412B4DAE4900B7B1BB /* ContentView.swift in Sources */ = {isa = PBXBuildFile; fileRef = 21B3A7402B4DAE4900B7B1BB /* ContentView.swift */; };
		21B3A7432B4DAE4A00B7B1BB /* Assets.xcassets in Resources */ = {isa = PBXBuildFile; fileRef = 21B3A7422B4DAE4A00B7B1BB /* Assets.xcassets */; };
		21B3A7462B4DAE4A00B7B1BB /* Preview Assets.xcassets in Resources */ = {isa = PBXBuildFile; fileRef = 21B3A7452B4DAE4A00B7B1BB /* Preview Assets.xcassets */; };
		21B3A74D2B4DB5C600B7B1BB /* TableView.swift in Sources */ = {isa = PBXBuildFile; fileRef = 21B3A74C2B4DB5C600B7B1BB /* TableView.swift */; };
		21B3A74F2B4DB5F400B7B1BB /* ClubView.swift in Sources */ = {isa = PBXBuildFile; fileRef = 21B3A74E2B4DB5F400B7B1BB /* ClubView.swift */; };
		21B3A7522B4DB61F00B7B1BB /* Club.swift in Sources */ = {isa = PBXBuildFile; fileRef = 21B3A7512B4DB61F00B7B1BB /* Club.swift */; };
		21B3A7542B4DB63600B7B1BB /* League.swift in Sources */ = {isa = PBXBuildFile; fileRef = 21B3A7532B4DB63600B7B1BB /* League.swift */; };
		21B3A7572B4DB95B00B7B1BB /* LeagueViewModel.swift in Sources */ = {isa = PBXBuildFile; fileRef = 21B3A7562B4DB95B00B7B1BB /* LeagueViewModel.swift */; };
		21B3A7592B4DB9EC00B7B1BB /* HTTPError.swift in Sources */ = {isa = PBXBuildFile; fileRef = 21B3A7582B4DB9EC00B7B1BB /* HTTPError.swift */; };
		21B3A7602B4DD97400B7B1BB /* NoteColor.swift in Sources */ = {isa = PBXBuildFile; fileRef = 21B3A75F2B4DD97400B7B1BB /* NoteColor.swift */; };
		21F8066A2B4EF192007521E7 /* AllLeagueResponse.swift in Sources */ = {isa = PBXBuildFile; fileRef = 21F806692B4EF192007521E7 /* AllLeagueResponse.swift */; };
		21F8066C2B4EF294007521E7 /* AllLeagueView.swift in Sources */ = {isa = PBXBuildFile; fileRef = 21F8066B2B4EF294007521E7 /* AllLeagueView.swift */; };
		21F8066E2B4EFFA3007521E7 /* ClubViewModel.swift in Sources */ = {isa = PBXBuildFile; fileRef = 21F8066D2B4EFFA3007521E7 /* ClubViewModel.swift */; };
		21F806702B4F12A8007521E7 /* SeasonViewModel.swift in Sources */ = {isa = PBXBuildFile; fileRef = 21F8066F2B4F12A8007521E7 /* SeasonViewModel.swift */; };
		21F806722B4F1367007521E7 /* Season.swift in Sources */ = {isa = PBXBuildFile; fileRef = 21F806712B4F1367007521E7 /* Season.swift */; };
/* End PBXBuildFile section */

/* Begin PBXFileReference section */
		21B3A73B2B4DAE4900B7B1BB /* Premier League App.app */ = {isa = PBXFileReference; explicitFileType = wrapper.application; includeInIndex = 0; path = "Premier League App.app"; sourceTree = BUILT_PRODUCTS_DIR; };
		21B3A73E2B4DAE4900B7B1BB /* Premier_League_AppApp.swift */ = {isa = PBXFileReference; lastKnownFileType = sourcecode.swift; path = Premier_League_AppApp.swift; sourceTree = "<group>"; };
		21B3A7402B4DAE4900B7B1BB /* ContentView.swift */ = {isa = PBXFileReference; lastKnownFileType = sourcecode.swift; path = ContentView.swift; sourceTree = "<group>"; };
		21B3A7422B4DAE4A00B7B1BB /* Assets.xcassets */ = {isa = PBXFileReference; lastKnownFileType = folder.assetcatalog; path = Assets.xcassets; sourceTree = "<group>"; };
		21B3A7452B4DAE4A00B7B1BB /* Preview Assets.xcassets */ = {isa = PBXFileReference; lastKnownFileType = folder.assetcatalog; path = "Preview Assets.xcassets"; sourceTree = "<group>"; };
		21B3A74C2B4DB5C600B7B1BB /* TableView.swift */ = {isa = PBXFileReference; lastKnownFileType = sourcecode.swift; path = TableView.swift; sourceTree = "<group>"; };
		21B3A74E2B4DB5F400B7B1BB /* ClubView.swift */ = {isa = PBXFileReference; lastKnownFileType = sourcecode.swift; path = ClubView.swift; sourceTree = "<group>"; };
		21B3A7512B4DB61F00B7B1BB /* Club.swift */ = {isa = PBXFileReference; lastKnownFileType = sourcecode.swift; path = Club.swift; sourceTree = "<group>"; };
		21B3A7532B4DB63600B7B1BB /* League.swift */ = {isa = PBXFileReference; lastKnownFileType = sourcecode.swift; path = League.swift; sourceTree = "<group>"; };
		21B3A7562B4DB95B00B7B1BB /* LeagueViewModel.swift */ = {isa = PBXFileReference; lastKnownFileType = sourcecode.swift; path = LeagueViewModel.swift; sourceTree = "<group>"; };
		21B3A7582B4DB9EC00B7B1BB /* HTTPError.swift */ = {isa = PBXFileReference; lastKnownFileType = sourcecode.swift; path = HTTPError.swift; sourceTree = "<group>"; };
		21B3A75F2B4DD97400B7B1BB /* NoteColor.swift */ = {isa = PBXFileReference; lastKnownFileType = sourcecode.swift; path = NoteColor.swift; sourceTree = "<group>"; };
		21F806692B4EF192007521E7 /* AllLeagueResponse.swift */ = {isa = PBXFileReference; lastKnownFileType = sourcecode.swift; path = AllLeagueResponse.swift; sourceTree = "<group>"; };
		21F8066B2B4EF294007521E7 /* AllLeagueView.swift */ = {isa = PBXFileReference; lastKnownFileType = sourcecode.swift; path = AllLeagueView.swift; sourceTree = "<group>"; };
		21F8066D2B4EFFA3007521E7 /* ClubViewModel.swift */ = {isa = PBXFileReference; lastKnownFileType = sourcecode.swift; path = ClubViewModel.swift; sourceTree = "<group>"; };
		21F8066F2B4F12A8007521E7 /* SeasonViewModel.swift */ = {isa = PBXFileReference; lastKnownFileType = sourcecode.swift; path = SeasonViewModel.swift; sourceTree = "<group>"; };
		21F806712B4F1367007521E7 /* Season.swift */ = {isa = PBXFileReference; lastKnownFileType = sourcecode.swift; path = Season.swift; sourceTree = "<group>"; };
/* End PBXFileReference section */

/* Begin PBXFrameworksBuildPhase section */
		21B3A7382B4DAE4900B7B1BB /* Frameworks */ = {
			isa = PBXFrameworksBuildPhase;
			buildActionMask = 2147483647;
			files = (
			);
			runOnlyForDeploymentPostprocessing = 0;
		};
/* End PBXFrameworksBuildPhase section */

/* Begin PBXGroup section */
		21B3A7322B4DAE4900B7B1BB = {
			isa = PBXGroup;
			children = (
				21B3A73D2B4DAE4900B7B1BB /* Premier League App */,
				21B3A73C2B4DAE4900B7B1BB /* Products */,
			);
			sourceTree = "<group>";
		};
		21B3A73C2B4DAE4900B7B1BB /* Products */ = {
			isa = PBXGroup;
			children = (
				21B3A73B2B4DAE4900B7B1BB /* Premier League App.app */,
			);
			name = Products;
			sourceTree = "<group>";
		};
		21B3A73D2B4DAE4900B7B1BB /* Premier League App */ = {
			isa = PBXGroup;
			children = (
				21B3A75E2B4DD93100B7B1BB /* Enums */,
				21B3A7552B4DB94800B7B1BB /* ViewModel */,
				21B3A7502B4DB60400B7B1BB /* Model */,
				21B3A73E2B4DAE4900B7B1BB /* Premier_League_AppApp.swift */,
				21B3A7402B4DAE4900B7B1BB /* ContentView.swift */,
				21B3A7422B4DAE4A00B7B1BB /* Assets.xcassets */,
				21B3A7442B4DAE4A00B7B1BB /* Preview Content */,
				21B3A74C2B4DB5C600B7B1BB /* TableView.swift */,
				21B3A74E2B4DB5F400B7B1BB /* ClubView.swift */,
				21B3A7582B4DB9EC00B7B1BB /* HTTPError.swift */,
				21F8066B2B4EF294007521E7 /* AllLeagueView.swift */,
			);
			path = "Premier League App";
			sourceTree = "<group>";
		};
		21B3A7442B4DAE4A00B7B1BB /* Preview Content */ = {
			isa = PBXGroup;
			children = (
				21B3A7452B4DAE4A00B7B1BB /* Preview Assets.xcassets */,
			);
			path = "Preview Content";
			sourceTree = "<group>";
		};
		21B3A7502B4DB60400B7B1BB /* Model */ = {
			isa = PBXGroup;
			children = (
				21B3A7512B4DB61F00B7B1BB /* Club.swift */,
				21B3A7532B4DB63600B7B1BB /* League.swift */,
				21F806692B4EF192007521E7 /* AllLeagueResponse.swift */,
				21F806712B4F1367007521E7 /* Season.swift */,
			);
			path = Model;
			sourceTree = "<group>";
		};
		21B3A7552B4DB94800B7B1BB /* ViewModel */ = {
			isa = PBXGroup;
			children = (
				21B3A7562B4DB95B00B7B1BB /* LeagueViewModel.swift */,
				21F8066D2B4EFFA3007521E7 /* ClubViewModel.swift */,
				21F8066F2B4F12A8007521E7 /* SeasonViewModel.swift */,
			);
			path = ViewModel;
			sourceTree = "<group>";
		};
		21B3A75E2B4DD93100B7B1BB /* Enums */ = {
			isa = PBXGroup;
			children = (
				21B3A75F2B4DD97400B7B1BB /* NoteColor.swift */,
			);
			path = Enums;
			sourceTree = "<group>";
		};
/* End PBXGroup section */

/* Begin PBXNativeTarget section */
		21B3A73A2B4DAE4900B7B1BB /* Premier League App */ = {
			isa = PBXNativeTarget;
			buildConfigurationList = 21B3A7492B4DAE4A00B7B1BB /* Build configuration list for PBXNativeTarget "Premier League App" */;
			buildPhases = (
				21B3A7372B4DAE4900B7B1BB /* Sources */,
				21B3A7382B4DAE4900B7B1BB /* Frameworks */,
				21B3A7392B4DAE4900B7B1BB /* Resources */,
			);
			buildRules = (
			);
			dependencies = (
			);
			name = "Premier League App";
			productName = "Premier League App";
			productReference = 21B3A73B2B4DAE4900B7B1BB /* Premier League App.app */;
			productType = "com.apple.product-type.application";
		};
/* End PBXNativeTarget section */

/* Begin PBXProject section */
		21B3A7332B4DAE4900B7B1BB /* Project object */ = {
			isa = PBXProject;
			attributes = {
				BuildIndependentTargetsInParallel = 1;
				LastSwiftUpdateCheck = 1500;
				LastUpgradeCheck = 1500;
				TargetAttributes = {
					21B3A73A2B4DAE4900B7B1BB = {
						CreatedOnToolsVersion = 15.0.1;
					};
				};
			};
			buildConfigurationList = 21B3A7362B4DAE4900B7B1BB /* Build configuration list for PBXProject "Premier League App" */;
			compatibilityVersion = "Xcode 14.0";
			developmentRegion = en;
			hasScannedForEncodings = 0;
			knownRegions = (
				en,
				Base,
			);
			mainGroup = 21B3A7322B4DAE4900B7B1BB;
			productRefGroup = 21B3A73C2B4DAE4900B7B1BB /* Products */;
			projectDirPath = "";
			projectRoot = "";
			targets = (
				21B3A73A2B4DAE4900B7B1BB /* Premier League App */,
			);
		};
/* End PBXProject section */

/* Begin PBXResourcesBuildPhase section */
		21B3A7392B4DAE4900B7B1BB /* Resources */ = {
			isa = PBXResourcesBuildPhase;
			buildActionMask = 2147483647;
			files = (
				21B3A7462B4DAE4A00B7B1BB /* Preview Assets.xcassets in Resources */,
				21B3A7432B4DAE4A00B7B1BB /* Assets.xcassets in Resources */,
			);
			runOnlyForDeploymentPostprocessing = 0;
		};
/* End PBXResourcesBuildPhase section */

/* Begin PBXSourcesBuildPhase section */
		21B3A7372B4DAE4900B7B1BB /* Sources */ = {
			isa = PBXSourcesBuildPhase;
			buildActionMask = 2147483647;
			files = (
				21F8066E2B4EFFA3007521E7 /* ClubViewModel.swift in Sources */,
				21B3A7412B4DAE4900B7B1BB /* ContentView.swift in Sources */,
				21F8066A2B4EF192007521E7 /* AllLeagueResponse.swift in Sources */,
				21B3A74D2B4DB5C600B7B1BB /* TableView.swift in Sources */,
				21B3A7522B4DB61F00B7B1BB /* Club.swift in Sources */,
				21B3A74F2B4DB5F400B7B1BB /* ClubView.swift in Sources */,
				21B3A7592B4DB9EC00B7B1BB /* HTTPError.swift in Sources */,
				21B3A7602B4DD97400B7B1BB /* NoteColor.swift in Sources */,
				21B3A7542B4DB63600B7B1BB /* League.swift in Sources */,
				21B3A73F2B4DAE4900B7B1BB /* Premier_League_AppApp.swift in Sources */,
				21F8066C2B4EF294007521E7 /* AllLeagueView.swift in Sources */,
				21B3A7572B4DB95B00B7B1BB /* LeagueViewModel.swift in Sources */,
				21F806722B4F1367007521E7 /* Season.swift in Sources */,
				21F806702B4F12A8007521E7 /* SeasonViewModel.swift in Sources */,
			);
			runOnlyForDeploymentPostprocessing = 0;
		};
/* End PBXSourcesBuildPhase section */

/* Begin XCBuildConfiguration section */
		21B3A7472B4DAE4A00B7B1BB /* Debug */ = {
			isa = XCBuildConfiguration;
			buildSettings = {
				ALWAYS_SEARCH_USER_PATHS = NO;
				ASSETCATALOG_COMPILER_GENERATE_SWIFT_ASSET_SYMBOL_EXTENSIONS = YES;
				CLANG_ANALYZER_NONNULL = YES;
				CLANG_ANALYZER_NUMBER_OBJECT_CONVERSION = YES_AGGRESSIVE;
				CLANG_CXX_LANGUAGE_STANDARD = "gnu++20";
				CLANG_ENABLE_MODULES = YES;
				CLANG_ENABLE_OBJC_ARC = YES;
				CLANG_ENABLE_OBJC_WEAK = YES;
				CLANG_WARN_BLOCK_CAPTURE_AUTORELEASING = YES;
				CLANG_WARN_BOOL_CONVERSION = YES;
				CLANG_WARN_COMMA = YES;
				CLANG_WARN_CONSTANT_CONVERSION = YES;
				CLANG_WARN_DEPRECATED_OBJC_IMPLEMENTATIONS = YES;
				CLANG_WARN_DIRECT_OBJC_ISA_USAGE = YES_ERROR;
				CLANG_WARN_DOCUMENTATION_COMMENTS = YES;
				CLANG_WARN_EMPTY_BODY = YES;
				CLANG_WARN_ENUM_CONVERSION = YES;
				CLANG_WARN_INFINITE_RECURSION = YES;
				CLANG_WARN_INT_CONVERSION = YES;
				CLANG_WARN_NON_LITERAL_NULL_CONVERSION = YES;
				CLANG_WARN_OBJC_IMPLICIT_RETAIN_SELF = YES;
				CLANG_WARN_OBJC_LITERAL_CONVERSION = YES;
				CLANG_WARN_OBJC_ROOT_CLASS = YES_ERROR;
				CLANG_WARN_QUOTED_INCLUDE_IN_FRAMEWORK_HEADER = YES;
				CLANG_WARN_RANGE_LOOP_ANALYSIS = YES;
				CLANG_WARN_STRICT_PROTOTYPES = YES;
				CLANG_WARN_SUSPICIOUS_MOVE = YES;
				CLANG_WARN_UNGUARDED_AVAILABILITY = YES_AGGRESSIVE;
				CLANG_WARN_UNREACHABLE_CODE = YES;
				CLANG_WARN__DUPLICATE_METHOD_MATCH = YES;
				COPY_PHASE_STRIP = NO;
				DEBUG_INFORMATION_FORMAT = dwarf;
				ENABLE_STRICT_OBJC_MSGSEND = YES;
				ENABLE_TESTABILITY = YES;
				ENABLE_USER_SCRIPT_SANDBOXING = YES;
				GCC_C_LANGUAGE_STANDARD = gnu17;
				GCC_DYNAMIC_NO_PIC = NO;
				GCC_NO_COMMON_BLOCKS = YES;
				GCC_OPTIMIZATION_LEVEL = 0;
				GCC_PREPROCESSOR_DEFINITIONS = (
					"DEBUG=1",
					"$(inherited)",
				);
				GCC_WARN_64_TO_32_BIT_CONVERSION = YES;
				GCC_WARN_ABOUT_RETURN_TYPE = YES_ERROR;
				GCC_WARN_UNDECLARED_SELECTOR = YES;
				GCC_WARN_UNINITIALIZED_AUTOS = YES_AGGRESSIVE;
				GCC_WARN_UNUSED_FUNCTION = YES;
				GCC_WARN_UNUSED_VARIABLE = YES;
				IPHONEOS_DEPLOYMENT_TARGET = 17.0;
				LOCALIZATION_PREFERS_STRING_CATALOGS = YES;
				MTL_ENABLE_DEBUG_INFO = INCLUDE_SOURCE;
				MTL_FAST_MATH = YES;
				ONLY_ACTIVE_ARCH = YES;
				SDKROOT = iphoneos;
				SWIFT_ACTIVE_COMPILATION_CONDITIONS = "DEBUG $(inherited)";
				SWIFT_OPTIMIZATION_LEVEL = "-Onone";
			};
			name = Debug;
		};
		21B3A7482B4DAE4A00B7B1BB /* Release */ = {
			isa = XCBuildConfiguration;
			buildSettings = {
				ALWAYS_SEARCH_USER_PATHS = NO;
				ASSETCATALOG_COMPILER_GENERATE_SWIFT_ASSET_SYMBOL_EXTENSIONS = YES;
				CLANG_ANALYZER_NONNULL = YES;
				CLANG_ANALYZER_NUMBER_OBJECT_CONVERSION = YES_AGGRESSIVE;
				CLANG_CXX_LANGUAGE_STANDARD = "gnu++20";
				CLANG_ENABLE_MODULES = YES;
				CLANG_ENABLE_OBJC_ARC = YES;
				CLANG_ENABLE_OBJC_WEAK = YES;
				CLANG_WARN_BLOCK_CAPTURE_AUTORELEASING = YES;
				CLANG_WARN_BOOL_CONVERSION = YES;
				CLANG_WARN_COMMA = YES;
				CLANG_WARN_CONSTANT_CONVERSION = YES;
				CLANG_WARN_DEPRECATED_OBJC_IMPLEMENTATIONS = YES;
				CLANG_WARN_DIRECT_OBJC_ISA_USAGE = YES_ERROR;
				CLANG_WARN_DOCUMENTATION_COMMENTS = YES;
				CLANG_WARN_EMPTY_BODY = YES;
				CLANG_WARN_ENUM_CONVERSION = YES;
				CLANG_WARN_INFINITE_RECURSION = YES;
				CLANG_WARN_INT_CONVERSION = YES;
				CLANG_WARN_NON_LITERAL_NULL_CONVERSION = YES;
				CLANG_WARN_OBJC_IMPLICIT_RETAIN_SELF = YES;
				CLANG_WARN_OBJC_LITERAL_CONVERSION = YES;
				CLANG_WARN_OBJC_ROOT_CLASS = YES_ERROR;
				CLANG_WARN_QUOTED_INCLUDE_IN_FRAMEWORK_HEADER = YES;
				CLANG_WARN_RANGE_LOOP_ANALYSIS = YES;
				CLANG_WARN_STRICT_PROTOTYPES = YES;
				CLANG_WARN_SUSPICIOUS_MOVE = YES;
				CLANG_WARN_UNGUARDED_AVAILABILITY = YES_AGGRESSIVE;
				CLANG_WARN_UNREACHABLE_CODE = YES;
				CLANG_WARN__DUPLICATE_METHOD_MATCH = YES;
				COPY_PHASE_STRIP = NO;
				DEBUG_INFORMATION_FORMAT = "dwarf-with-dsym";
				ENABLE_NS_ASSERTIONS = NO;
				ENABLE_STRICT_OBJC_MSGSEND = YES;
				ENABLE_USER_SCRIPT_SANDBOXING = YES;
				GCC_C_LANGUAGE_STANDARD = gnu17;
				GCC_NO_COMMON_BLOCKS = YES;
				GCC_WARN_64_TO_32_BIT_CONVERSION = YES;
				GCC_WARN_ABOUT_RETURN_TYPE = YES_ERROR;
				GCC_WARN_UNDECLARED_SELECTOR = YES;
				GCC_WARN_UNINITIALIZED_AUTOS = YES_AGGRESSIVE;
				GCC_WARN_UNUSED_FUNCTION = YES;
				GCC_WARN_UNUSED_VARIABLE = YES;
				IPHONEOS_DEPLOYMENT_TARGET = 17.0;
				LOCALIZATION_PREFERS_STRING_CATALOGS = YES;
				MTL_ENABLE_DEBUG_INFO = NO;
				MTL_FAST_MATH = YES;
				SDKROOT = iphoneos;
				SWIFT_COMPILATION_MODE = wholemodule;
				VALIDATE_PRODUCT = YES;
			};
			name = Release;
		};
		21B3A74A2B4DAE4A00B7B1BB /* Debug */ = {
			isa = XCBuildConfiguration;
			buildSettings = {
				ASSETCATALOG_COMPILER_APPICON_NAME = AppIcon;
				ASSETCATALOG_COMPILER_GLOBAL_ACCENT_COLOR_NAME = AccentColor;
				CODE_SIGN_STYLE = Automatic;
				CURRENT_PROJECT_VERSION = 1;
				DEVELOPMENT_ASSET_PATHS = "\"Premier League App/Preview Content\"";
				ENABLE_PREVIEWS = YES;
				GENERATE_INFOPLIST_FILE = YES;
				INFOPLIST_KEY_UIApplicationSceneManifest_Generation = YES;
				INFOPLIST_KEY_UIApplicationSupportsIndirectInputEvents = YES;
				INFOPLIST_KEY_UILaunchScreen_Generation = YES;
				INFOPLIST_KEY_UISupportedInterfaceOrientations_iPad = "UIInterfaceOrientationPortrait UIInterfaceOrientationPortraitUpsideDown UIInterfaceOrientationLandscapeLeft UIInterfaceOrientationLandscapeRight";
				INFOPLIST_KEY_UISupportedInterfaceOrientations_iPhone = "UIInterfaceOrientationPortrait UIInterfaceOrientationLandscapeLeft UIInterfaceOrientationLandscapeRight";
				LD_RUNPATH_SEARCH_PATHS = (
					"$(inherited)",
					"@executable_path/Frameworks",
				);
				MARKETING_VERSION = 1.0;
				PRODUCT_BUNDLE_IDENTIFIER = "momcilobogunovic.Premier-League-App";
				PRODUCT_NAME = "$(TARGET_NAME)";
				SWIFT_EMIT_LOC_STRINGS = YES;
				SWIFT_VERSION = 5.0;
				TARGETED_DEVICE_FAMILY = "1,2";
			};
			name = Debug;
		};
		21B3A74B2B4DAE4A00B7B1BB /* Release */ = {
			isa = XCBuildConfiguration;
			buildSettings = {
				ASSETCATALOG_COMPILER_APPICON_NAME = AppIcon;
				ASSETCATALOG_COMPILER_GLOBAL_ACCENT_COLOR_NAME = AccentColor;
				CODE_SIGN_STYLE = Automatic;
				CURRENT_PROJECT_VERSION = 1;
				DEVELOPMENT_ASSET_PATHS = "\"Premier League App/Preview Content\"";
				ENABLE_PREVIEWS = YES;
				GENERATE_INFOPLIST_FILE = YES;
				INFOPLIST_KEY_UIApplicationSceneManifest_Generation = YES;
				INFOPLIST_KEY_UIApplicationSupportsIndirectInputEvents = YES;
				INFOPLIST_KEY_UILaunchScreen_Generation = YES;
				INFOPLIST_KEY_UISupportedInterfaceOrientations_iPad = "UIInterfaceOrientationPortrait UIInterfaceOrientationPortraitUpsideDown UIInterfaceOrientationLandscapeLeft UIInterfaceOrientationLandscapeRight";
				INFOPLIST_KEY_UISupportedInterfaceOrientations_iPhone = "UIInterfaceOrientationPortrait UIInterfaceOrientationLandscapeLeft UIInterfaceOrientationLandscapeRight";
				LD_RUNPATH_SEARCH_PATHS = (
					"$(inherited)",
					"@executable_path/Frameworks",
				);
				MARKETING_VERSION = 1.0;
				PRODUCT_BUNDLE_IDENTIFIER = "momcilobogunovic.Premier-League-App";
				PRODUCT_NAME = "$(TARGET_NAME)";
				SWIFT_EMIT_LOC_STRINGS = YES;
				SWIFT_VERSION = 5.0;
				TARGETED_DEVICE_FAMILY = "1,2";
			};
			name = Release;
		};
/* End XCBuildConfiguration section */

/* Begin XCConfigurationList section */
		21B3A7362B4DAE4900B7B1BB /* Build configuration list for PBXProject "Premier League App" */ = {
			isa = XCConfigurationList;
			buildConfigurations = (
				21B3A7472B4DAE4A00B7B1BB /* Debug */,
				21B3A7482B4DAE4A00B7B1BB /* Release */,
			);
			defaultConfigurationIsVisible = 0;
			defaultConfigurationName = Release;
		};
		21B3A7492B4DAE4A00B7B1BB /* Build configuration list for PBXNativeTarget "Premier League App" */ = {
			isa = XCConfigurationList;
			buildConfigurations = (
				21B3A74A2B4DAE4A00B7B1BB /* Debug */,
				21B3A74B2B4DAE4A00B7B1BB /* Release */,
			);
			defaultConfigurationIsVisible = 0;
			defaultConfigurationName = Release;
		};
/* End XCConfigurationList section */
	};
	rootObject = 21B3A7332B4DAE4900B7B1BB /* Project object */;
}
